// !$*UTF8*$!
{
	archiveVersion = 1;
	classes = {
	};
	objectVersion = 46;
	objects = {

/* Begin PBXBuildFile section */
		9AF49EA21DCAF64E0047E4A5 /* AppDelegate.swift in Sources */ = {isa = PBXBuildFile; fileRef = 9AF49EA11DCAF64E0047E4A5 /* AppDelegate.swift */; };
		9AF49EA41DCAF64E0047E4A5 /* ViewController.swift in Sources */ = {isa = PBXBuildFile; fileRef = 9AF49EA31DCAF64E0047E4A5 /* ViewController.swift */; };
		9AF49EA71DCAF64E0047E4A5 /* Main.storyboard in Resources */ = {isa = PBXBuildFile; fileRef = 9AF49EA51DCAF64E0047E4A5 /* Main.storyboard */; };
		9AF49EA91DCAF64E0047E4A5 /* Assets.xcassets in Resources */ = {isa = PBXBuildFile; fileRef = 9AF49EA81DCAF64E0047E4A5 /* Assets.xcassets */; };
		9AF49EAC1DCAF64E0047E4A5 /* LaunchScreen.storyboard in Resources */ = {isa = PBXBuildFile; fileRef = 9AF49EAA1DCAF64E0047E4A5 /* LaunchScreen.storyboard */; };
		9AF49EB41DCAF6580047E4A5 /* UIImageView+AFNetworking.swift in Sources */ = {isa = PBXBuildFile; fileRef = 9AF49EB31DCAF6580047E4A5 /* UIImageView+AFNetworking.swift */; };
/* End PBXBuildFile section */

/* Begin PBXFileReference section */
		9AF49E9E1DCAF64E0047E4A5 /* SampleProject.app */ = {isa = PBXFileReference; explicitFileType = wrapper.application; includeInIndex = 0; path = SampleProject.app; sourceTree = BUILT_PRODUCTS_DIR; };
		9AF49EA11DCAF64E0047E4A5 /* AppDelegate.swift */ = {isa = PBXFileReference; lastKnownFileType = sourcecode.swift; path = AppDelegate.swift; sourceTree = "<group>"; };
		9AF49EA31DCAF64E0047E4A5 /* ViewController.swift */ = {isa = PBXFileReference; lastKnownFileType = sourcecode.swift; path = ViewController.swift; sourceTree = "<group>"; };
		9AF49EA61DCAF64E0047E4A5 /* Base */ = {isa = PBXFileReference; lastKnownFileType = file.storyboard; name = Base; path = Base.lproj/Main.storyboard; sourceTree = "<group>"; };
		9AF49EA81DCAF64E0047E4A5 /* Assets.xcassets */ = {isa = PBXFileReference; lastKnownFileType = folder.assetcatalog; path = Assets.xcassets; sourceTree = "<group>"; };
		9AF49EAB1DCAF64E0047E4A5 /* Base */ = {isa = PBXFileReference; lastKnownFileType = file.storyboard; name = Base; path = Base.lproj/LaunchScreen.storyboard; sourceTree = "<group>"; };
		9AF49EAD1DCAF64E0047E4A5 /* Info.plist */ = {isa = PBXFileReference; lastKnownFileType = text.plist.xml; path = Info.plist; sourceTree = "<group>"; };
		9AF49EB31DCAF6580047E4A5 /* UIImageView+AFNetworking.swift */ = {isa = PBXFileReference; fileEncoding = 4; lastKnownFileType = sourcecode.swift; name = "UIImageView+AFNetworking.swift"; path = "../../UIImageView+AFNetworking.swift"; sourceTree = "<group>"; };
/* End PBXFileReference section */

/* Begin PBXFrameworksBuildPhase section */
		9AF49E9B1DCAF64E0047E4A5 /* Frameworks */ = {
			isa = PBXFrameworksBuildPhase;
			buildActionMask = 2147483647;
			files = (
			);
			runOnlyForDeploymentPostprocessing = 0;
		};
/* End PBXFrameworksBuildPhase section */

/* Begin PBXGroup section */
		9AF49E951DCAF64E0047E4A5 = {
			isa = PBXGroup;
			children = (
				9AF49EA01DCAF64E0047E4A5 /* SampleProject */,
				9AF49E9F1DCAF64E0047E4A5 /* Products */,
			);
			sourceTree = "<group>";
		};
		9AF49E9F1DCAF64E0047E4A5 /* Products */ = {
			isa = PBXGroup;
			children = (
				9AF49E9E1DCAF64E0047E4A5 /* SampleProject.app */,
			);
			name = Products;
			sourceTree = "<group>";
		};
		9AF49EA01DCAF64E0047E4A5 /* SampleProject */ = {
			isa = PBXGroup;
			children = (
				9AF49EB31DCAF6580047E4A5 /* UIImageView+AFNetworking.swift */,
				9AF49EA11DCAF64E0047E4A5 /* AppDelegate.swift */,
				9AF49EA31DCAF64E0047E4A5 /* ViewController.swift */,
				9AF49EA51DCAF64E0047E4A5 /* Main.storyboard */,
				9AF49EA81DCAF64E0047E4A5 /* Assets.xcassets */,
				9AF49EAA1DCAF64E0047E4A5 /* LaunchScreen.storyboard */,
				9AF49EAD1DCAF64E0047E4A5 /* Info.plist */,
			);
			path = SampleProject;
			sourceTree = "<group>";
		};
/* End PBXGroup section */

/* Begin PBXNativeTarget section */
		9AF49E9D1DCAF64E0047E4A5 /* SampleProject */ = {
			isa = PBXNativeTarget;
			buildConfigurationList = 9AF49EB01DCAF64E0047E4A5 /* Build configuration list for PBXNativeTarget "SampleProject" */;
			buildPhases = (
				9AF49E9A1DCAF64E0047E4A5 /* Sources */,
				9AF49E9B1DCAF64E0047E4A5 /* Frameworks */,
				9AF49E9C1DCAF64E0047E4A5 /* Resources */,
			);
			buildRules = (
			);
			dependencies = (
			);
			name = SampleProject;
			productName = SampleProject;
			productReference = 9AF49E9E1DCAF64E0047E4A5 /* SampleProject.app */;
			productType = "com.apple.product-type.application";
		};
/* End PBXNativeTarget section */

/* Begin PBXProject section */
		9AF49E961DCAF64E0047E4A5 /* Project object */ = {
			isa = PBXProject;
			attributes = {
				LastSwiftUpdateCheck = 0800;
				LastUpgradeCheck = 0800;
				ORGANIZATIONNAME = "Pham Hoang Le";
				TargetAttributes = {
					9AF49E9D1DCAF64E0047E4A5 = {
						CreatedOnToolsVersion = 8.0;
						LastSwiftMigration = 0800;
						ProvisioningStyle = Automatic;
					};
				};
			};
			buildConfigurationList = 9AF49E991DCAF64E0047E4A5 /* Build configuration list for PBXProject "SampleProject" */;
			compatibilityVersion = "Xcode 3.2";
			developmentRegion = English;
			hasScannedForEncodings = 0;
			knownRegions = (
				en,
				Base,
			);
			mainGroup = 9AF49E951DCAF64E0047E4A5;
			productRefGroup = 9AF49E9F1DCAF64E0047E4A5 /* Products */;
			projectDirPath = "";
			projectRoot = "";
			targets = (
				9AF49E9D1DCAF64E0047E4A5 /* SampleProject */,
			);
		};
/* End PBXProject section */

/* Begin PBXResourcesBuildPhase section */
		9AF49E9C1DCAF64E0047E4A5 /* Resources */ = {
			isa = PBXResourcesBuildPhase;
			buildActionMask = 2147483647;
			files = (
				9AF49EAC1DCAF64E0047E4A5 /* LaunchScreen.storyboard in Resources */,
				9AF49EA91DCAF64E0047E4A5 /* Assets.xcassets in Resources */,
				9AF49EA71DCAF64E0047E4A5 /* Main.storyboard in Resources */,
			);
			runOnlyForDeploymentPostprocessing = 0;
		};
/* End PBXResourcesBuildPhase section */

/* Begin PBXSourcesBuildPhase section */
		9AF49E9A1DCAF64E0047E4A5 /* Sources */ = {
			isa = PBXSourcesBuildPhase;
			buildActionMask = 2147483647;
			files = (
				9AF49EA41DCAF64E0047E4A5 /* ViewController.swift in Sources */,
				9AF49EA21DCAF64E0047E4A5 /* AppDelegate.swift in Sources */,
				9AF49EB41DCAF6580047E4A5 /* UIImageView+AFNetworking.swift in Sources */,
			);
			runOnlyForDeploymentPostprocessing = 0;
		};
/* End PBXSourcesBuildPhase section */

/* Begin PBXVariantGroup section */
		9AF49EA51DCAF64E0047E4A5 /* Main.storyboard */ = {
			isa = PBXVariantGroup;
			children = (
				9AF49EA61DCAF64E0047E4A5 /* Base */,
			);
			name = Main.storyboard;
			sourceTree = "<group>";
		};
		9AF49EAA1DCAF64E0047E4A5 /* LaunchScreen.storyboard */ = {
			isa = PBXVariantGroup;
			children = (
				9AF49EAB1DCAF64E0047E4A5 /* Base */,
			);
			name = LaunchScreen.storyboard;
			sourceTree = "<group>";
		};
/* End PBXVariantGroup section */

/* Begin XCBuildConfiguration section */
		9AF49EAE1DCAF64E0047E4A5 /* Debug */ = {
			isa = XCBuildConfiguration;
			buildSettings = {
				ALWAYS_SEARCH_USER_PATHS = NO;
				CLANG_ANALYZER_NONNULL = YES;
				CLANG_CXX_LANGUAGE_STANDARD = "gnu++0x";
				CLANG_CXX_LIBRARY = "libc++";
				CLANG_ENABLE_MODULES = YES;
				CLANG_ENABLE_OBJC_ARC = YES;
				CLANG_WARN_BOOL_CONVERSION = YES;
				CLANG_WARN_CONSTANT_CONVERSION = YES;
				CLANG_WARN_DIRECT_OBJC_ISA_USAGE = YES_ERROR;
				CLANG_WARN_DOCUMENTATION_COMMENTS = YES;
				CLANG_WARN_EMPTY_BODY = YES;
				CLANG_WARN_ENUM_CONVERSION = YES;
				CLANG_WARN_INFINITE_RECURSION = YES;
				CLANG_WARN_INT_CONVERSION = YES;
				CLANG_WARN_OBJC_ROOT_CLASS = YES_ERROR;
				CLANG_WARN_SUSPICIOUS_MOVES = YES;
				CLANG_WARN_UNREACHABLE_CODE = YES;
				CLANG_WARN__DUPLICATE_METHOD_MATCH = YES;
				"CODE_SIGN_IDENTITY[sdk=iphoneos*]" = "iPhone Developer";
				COPY_PHASE_STRIP = NO;
				DEBUG_INFORMATION_FORMAT = dwarf;
				ENABLE_STRICT_OBJC_MSGSEND = YES;
				ENABLE_TESTABILITY = YES;
				GCC_C_LANGUAGE_STANDARD = gnu99;
				GCC_DYNAMIC_NO_PIC = NO;
				GCC_NO_COMMON_BLOCKS = YES;
				GCC_OPTIMIZATION_LEVEL = 0;
				GCC_PREPROCESSOR_DEFINITIONS = (
					"DEBUG=1",
					"$(inherited)",
				);
				GCC_WARN_64_TO_32_BIT_CONVERSION = YES;
				GCC_WARN_ABOUT_RETURN_TYPE = YES_ERROR;
				GCC_WARN_UNDECLARED_SELECTOR = YES;
				GCC_WARN_UNINITIALIZED_AUTOS = YES_AGGRESSIVE;
				GCC_WARN_UNUSED_FUNCTION = YES;
				GCC_WARN_UNUSED_VARIABLE = YES;
				IPHONEOS_DEPLOYMENT_TARGET = 10.0;
				MTL_ENABLE_DEBUG_INFO = YES;
				ONLY_ACTIVE_ARCH = YES;
				SDKROOT = iphoneos;
				SWIFT_ACTIVE_COMPILATION_CONDITIONS = DEBUG;
				SWIFT_OPTIMIZATION_LEVEL = "-Onone";
			};
			name = Debug;
		};
		9AF49EAF1DCAF64E0047E4A5 /* Release */ = {
			isa = XCBuildConfiguration;
			buildSettings = {
				ALWAYS_SEARCH_USER_PATHS = NO;
				CLANG_ANALYZER_NONNULL = YES;
				CLANG_CXX_LANGUAGE_STANDARD = "gnu++0x";
				CLANG_CXX_LIBRARY = "libc++";
				CLANG_ENABLE_MODULES = YES;
				CLANG_ENABLE_OBJC_ARC = YES;
				CLANG_WARN_BOOL_CONVERSION = YES;
				CLANG_WARN_CONSTANT_CONVERSION = YES;
				CLANG_WARN_DIRECT_OBJC_ISA_USAGE = YES_ERROR;
				CLANG_WARN_DOCUMENTATION_COMMENTS = YES;
				CLANG_WARN_EMPTY_BODY = YES;
				CLANG_WARN_ENUM_CONVERSION = YES;
				CLANG_WARN_INFINITE_RECURSION = YES;
				CLANG_WARN_INT_CONVERSION = YES;
				CLANG_WARN_OBJC_ROOT_CLASS = YES_ERROR;
				CLANG_WARN_SUSPICIOUS_MOVES = YES;
				CLANG_WARN_UNREACHABLE_CODE = YES;
				CLANG_WARN__DUPLICATE_METHOD_MATCH = YES;
				"CODE_SIGN_IDENTITY[sdk=iphoneos*]" = "iPhone Developer";
				COPY_PHASE_STRIP = NO;
				DEBUG_INFORMATION_FORMAT = "dwarf-with-dsym";
				ENABLE_NS_ASSERTIONS = NO;
				ENABLE_STRICT_OBJC_MSGSEND = YES;
				GCC_C_LANGUAGE_STANDARD = gnu99;
				GCC_NO_COMMON_BLOCKS = YES;
				GCC_WARN_64_TO_32_BIT_CONVERSION = YES;
				GCC_WARN_ABOUT_RETURN_TYPE = YES_ERROR;
				GCC_WARN_UNDECLARED_SELECTOR = YES;
				GCC_WARN_UNINITIALIZED_AUTOS = YES_AGGRESSIVE;
				GCC_WARN_UNUSED_FUNCTION = YES;
				GCC_WARN_UNUSED_VARIABLE = YES;
				IPHONEOS_DEPLOYMENT_TARGET = 10.0;
				MTL_ENABLE_DEBUG_INFO = NO;
				SDKROOT = iphoneos;
				SWIFT_OPTIMIZATION_LEVEL = "-Owholemodule";
				VALIDATE_PRODUCT = YES;
			};
			name = Release;
		};
		9AF49EB11DCAF64E0047E4A5 /* Debug */ = {
			isa = XCBuildConfiguration;
			buildSettings = {
				ASSETCATALOG_COMPILER_APPICON_NAME = AppIcon;
				INFOPLIST_FILE = SampleProject/Info.plist;
				IPHONEOS_DEPLOYMENT_TARGET = 8.1;
				LD_RUNPATH_SEARCH_PATHS = "$(inherited) @executable_path/Frameworks";
				PRODUCT_BUNDLE_IDENTIFIER = com.SampleProject;
				PRODUCT_NAME = "$(TARGET_NAME)";
				SWIFT_VERSION = 2.3;
			};
			name = Debug;
		};
		9AF49EB21DCAF64E0047E4A5 /* Release */ = {
			isa = XCBuildConfiguration;
			buildSettings = {
				ASSETCATALOG_COMPILER_APPICON_NAME = AppIcon;
				INFOPLIST_FILE = SampleProject/Info.plist;
				IPHONEOS_DEPLOYMENT_TARGET = 8.1;
				LD_RUNPATH_SEARCH_PATHS = "$(inherited) @executable_path/Frameworks";
				PRODUCT_BUNDLE_IDENTIFIER = com.SampleProject;
				PRODUCT_NAME = "$(TARGET_NAME)";
				SWIFT_VERSION = 2.3;
			};
			name = Release;
		};
/* End XCBuildConfiguration section */

/* Begin XCConfigurationList section */
		9AF49E991DCAF64E0047E4A5 /* Build configuration list for PBXProject "SampleProject" */ = {
			isa = XCConfigurationList;
			buildConfigurations = (
				9AF49EAE1DCAF64E0047E4A5 /* Debug */,
				9AF49EAF1DCAF64E0047E4A5 /* Release */,
			);
			defaultConfigurationIsVisible = 0;
			defaultConfigurationName = Release;
		};
		9AF49EB01DCAF64E0047E4A5 /* Build configuration list for PBXNativeTarget "SampleProject" */ = {
			isa = XCConfigurationList;
			buildConfigurations = (
				9AF49EB11DCAF64E0047E4A5 /* Debug */,
				9AF49EB21DCAF64E0047E4A5 /* Release */,
			);
			defaultConfigurationIsVisible = 0;
		};
/* End XCConfigurationList section */
	};
	rootObject = 9AF49E961DCAF64E0047E4A5 /* Project object */;
}
